# THIS IS AN AUTOGENERATED FILE. DO NOT EDIT THIS FILE DIRECTLY.
# yarn lockfile v1


bootstrap-icons@^1.11.3:
  version "1.11.3"
  resolved "https://registry.yarnpkg.com/bootstrap-icons/-/bootstrap-icons-1.11.3.tgz#03f9cb754ec005c52f9ee616e2e84a82cab3084b"
  integrity sha512-+3lpHrCw/it2/7lBL15VR0HEumaBss0+f/Lb6ZvHISn1mlK83jjFpooTLsMWbIjJMDjDjOExMsTxnXSIT4k4ww==

bootstrap@^5.3.6:
  version "5.3.6"
  resolved "https://registry.yarnpkg.com/bootstrap/-/bootstrap-5.3.6.tgz#fbd91ebaff093f5b191a1c01a8c866d24f9fa6e1"
  integrity sha512-jX0GAcRzvdwISuvArXn3m7KZscWWFAf1MKBcnzaN02qWMb3jpMoUX4/qgeiGzqyIb4ojulRzs89UCUmGcFSzTA==
